
Microsoft Visual Studio Solution File, Format Version 12.00
# Visual Studio 15
VisualStudioVersion = 15.0.28307.572
MinimumVisualStudioVersion = 10.0.40219.1
Project("{FAE04EC0-301F-11D3-BF4B-00C04F79EFBC}") = "JoeMendoza", "JoeMendoza\JoeMendoza.csproj", "{B090A1FE-0D4C-4E23-BF5E-0EA39B04F439}"
EndProject
Global
	GlobalSection(SolutionConfigurationPlatforms) = preSolution
		Debug|Any CPU = Debug|Any CPU
		Release|Any CPU = Release|Any CPU
	EndGlobalSection
	GlobalSection(ProjectConfigurationPlatforms) = postSolution
		{B090A1FE-0D4C-4E23-BF5E-0EA39B04F439}.Debug|Any CPU.ActiveCfg = Debug|Any CPU
		{B090A1FE-0D4C-4E23-BF5E-0EA39B04F439}.Debug|Any CPU.Build.0 = Debug|Any CPU
		{B090A1FE-0D4C-4E23-BF5E-0EA39B04F439}.Release|Any CPU.ActiveCfg = Release|Any CPU
		{B090A1FE-0D4C-4E23-BF5E-0EA39B04F439}.Release|Any CPU.Build.0 = Release|Any CPU
	EndGlobalSection
	GlobalSection(SolutionProperties) = preSolution
		HideSolutionNode = FALSE
	EndGlobalSection
	GlobalSection(ExtensibilityGlobals) = postSolution
		SolutionGuid = {62617AF7-57CF-4E79-B9FA-D390B51D7251}
	EndGlobalSection
EndGlobal
